<?xml version="1.0" encoding="utf-8"?>
<Project ToolsVersion="4.0" xmlns="http://schemas.microsoft.com/developer/msbuild/2003">
  <ItemGroup>
    <Filter Include="소스 파일">
      <UniqueIdentifier>{4FC737F1-C7A5-4376-A066-2A32D752A2FF}</UniqueIdentifier>
      <Extensions>cpp;c;cc;cxx;def;odl;idl;hpj;bat;asm;asmx</Extensions>
    </Filter>
    <Filter Include="헤더 파일">
      <UniqueIdentifier>{93995380-89BD-4b04-88EB-625FBE52EBFB}</UniqueIdentifier>
      <Extensions>h;hh;hpp;hxx;hm;inl;inc;xsd</Extensions>
    </Filter>
    <Filter Include="리소스 파일">
      <UniqueIdentifier>{67DA6AB6-F800-4c08-8B7A-83BB121AAD01}</UniqueIdentifier>
      <Extensions>rc;ico;cur;bmp;dlg;rc2;rct;bin;rgs;gif;jpg;jpeg;jpe;resx;tiff;tif;png;wav;mfcribbon-ms</Extensions>
    </Filter>
  </ItemGroup>
  <ItemGroup>
    <None Include="packages.config" />
    <None Include="FreeImage.dll" />
  </ItemGroup>
  <ItemGroup>
    <ClCompile Include="main.cpp">
      <Filter>소스 파일</Filter>
    </ClCompile>
    <ClCompile Include="AdunGL-Core\utils\fileutils.cpp">
      <Filter>소스 파일</Filter>
    </ClCompile>
    <ClCompile Include="AdunGL-Core\maths\vec4.cpp">
      <Filter>소스 파일</Filter>
    </ClCompile>
    <ClCompile Include="AdunGL-Core\maths\vec3.cpp">
      <Filter>소스 파일</Filter>
    </ClCompile>
    <ClCompile Include="AdunGL-Core\maths\vec2.cpp">
      <Filter>소스 파일</Filter>
    </ClCompile>
    <ClCompile Include="AdunGL-Core\maths\mat4.cpp">
      <Filter>소스 파일</Filter>
    </ClCompile>
    <ClCompile Include="AdunGL-Core\graphics\texture.cpp">
      <Filter>소스 파일</Filter>
    </ClCompile>
    <ClCompile Include="AdunGL-Core\graphics\texture_manager.cpp">
      <Filter>소스 파일</Filter>
    </ClCompile>
    <ClCompile Include="AdunGL-Core\exc\freetype-gl\platform.c">
      <Filter>소스 파일</Filter>
    </ClCompile>
    <ClCompile Include="AdunGL-Core\exc\freetype-gl\texture-atlas.c">
      <Filter>소스 파일</Filter>
    </ClCompile>
    <ClCompile Include="AdunGL-Core\exc\freetype-gl\texture-font.c">
      <Filter>소스 파일</Filter>
    </ClCompile>
    <ClCompile Include="AdunGL-Core\exc\freetype-gl\vector.c">
      <Filter>소스 파일</Filter>
    </ClCompile>
    <ClCompile Include="AdunGL-Core\graphics\font.cpp">
      <Filter>소스 파일</Filter>
    </ClCompile>
    <ClCompile Include="AdunGL-Core\graphics\font_manager.cpp">
      <Filter>소스 파일</Filter>
    </ClCompile>
    <ClCompile Include="AdunGL-Core\graphics\window.cpp">
      <Filter>소스 파일</Filter>
    </ClCompile>
    <ClCompile Include="AdunGL-Core\graphics\buffers\buffer.cpp">
      <Filter>소스 파일</Filter>
    </ClCompile>
    <ClCompile Include="AdunGL-Core\graphics\buffers\indexBuffer.cpp">
      <Filter>소스 파일</Filter>
    </ClCompile>
    <ClCompile Include="AdunGL-Core\graphics\buffers\vertexArray.cpp">
      <Filter>소스 파일</Filter>
    </ClCompile>
    <ClCompile Include="AdunGL-Core\graphics\shaders\shader.cpp">
      <Filter>소스 파일</Filter>
    </ClCompile>
    <ClCompile Include="AdunGL-Core\graphics\shaders\shader_factory.cpp">
      <Filter>소스 파일</Filter>
    </ClCompile>
    <ClCompile Include="AdunGL-Core\graphics\renderers\batchrenderer2d.cpp">
      <Filter>소스 파일</Filter>
    </ClCompile>
    <ClCompile Include="AdunGL-Core\graphics\sprite.cpp">
      <Filter>소스 파일</Filter>
    </ClCompile>
    <ClCompile Include="AdunGL-Core\graphics\label.cpp">
      <Filter>소스 파일</Filter>
    </ClCompile>
    <ClCompile Include="AdunGL-Core\graphics\layers\layer.cpp">
      <Filter>소스 파일</Filter>
    </ClCompile>
    <ClCompile Include="AdunGL-Core\graphics\layers\group.cpp">
      <Filter>소스 파일</Filter>
    </ClCompile>
    <ClCompile Include="AdunGL-Core\graphics\mesh_factory.cpp">
      <Filter>소스 파일</Filter>
    </ClCompile>
    <ClCompile Include="AdunGL-Core\graphics\buffers\frameBuffer.cpp">
      <Filter>소스 파일</Filter>
    </ClCompile>
  </ItemGroup>
  <ItemGroup>
    <ClInclude Include="AdunGL-Core\utils\imageload.h">
      <Filter>헤더 파일</Filter>
    </ClInclude>
    <ClInclude Include="AdunGL-Core\utils\log.h">
      <Filter>헤더 파일</Filter>
    </ClInclude>
    <ClInclude Include="AdunGL-Core\utils\fileutils.h">
      <Filter>헤더 파일</Filter>
    </ClInclude>
    <ClInclude Include="AdunGL-Core\maths\tvec2.h">
      <Filter>헤더 파일</Filter>
    </ClInclude>
    <ClInclude Include="AdunGL-Core\maths\vec4.h">
      <Filter>헤더 파일</Filter>
    </ClInclude>
    <ClInclude Include="AdunGL-Core\maths\vec3.h">
      <Filter>헤더 파일</Filter>
    </ClInclude>
    <ClInclude Include="AdunGL-Core\maths\vec2.h">
      <Filter>헤더 파일</Filter>
    </ClInclude>
    <ClInclude Include="AdunGL-Core\maths\mat4.h">
      <Filter>헤더 파일</Filter>
    </ClInclude>
    <ClInclude Include="AdunGL-Core\maths\math_func.h">
      <Filter>헤더 파일</Filter>
    </ClInclude>
    <ClInclude Include="AdunGL-Core\maths\maths.h">
      <Filter>헤더 파일</Filter>
    </ClInclude>
    <ClInclude Include="AdunGL-Core\graphics\texture.h">
      <Filter>헤더 파일</Filter>
    </ClInclude>
    <ClInclude Include="AdunGL-Core\graphics\texture_manager.h">
      <Filter>헤더 파일</Filter>
    </ClInclude>
    <ClInclude Include="AdunGL-Core\utils\timer.h">
      <Filter>헤더 파일</Filter>
    </ClInclude>
    <ClInclude Include="AdunGL-Core\graphics\font.h">
      <Filter>헤더 파일</Filter>
    </ClInclude>
    <ClInclude Include="AdunGL-Core\exc\freetype-gl\freetype-gl.h">
      <Filter>헤더 파일</Filter>
    </ClInclude>
    <ClInclude Include="AdunGL-Core\exc\freetype-gl\opengl.h">
      <Filter>헤더 파일</Filter>
    </ClInclude>
    <ClInclude Include="AdunGL-Core\exc\freetype-gl\platform.h">
      <Filter>헤더 파일</Filter>
    </ClInclude>
    <ClInclude Include="AdunGL-Core\exc\freetype-gl\texture-atlas.h">
      <Filter>헤더 파일</Filter>
    </ClInclude>
    <ClInclude Include="AdunGL-Core\exc\freetype-gl\texture-font.h">
      <Filter>헤더 파일</Filter>
    </ClInclude>
    <ClInclude Include="AdunGL-Core\exc\freetype-gl\vec234.h">
      <Filter>헤더 파일</Filter>
    </ClInclude>
    <ClInclude Include="AdunGL-Core\exc\freetype-gl\vector.h">
      <Filter>헤더 파일</Filter>
    </ClInclude>
    <ClInclude Include="AdunGL-Core\graphics\font_manager.h">
      <Filter>헤더 파일</Filter>
    </ClInclude>
    <ClInclude Include="AdunGL-Core\graphics\window.h">
      <Filter>헤더 파일</Filter>
    </ClInclude>
    <ClInclude Include="AdunGL-Core\graphics\bases\renderable2d.h">
      <Filter>헤더 파일</Filter>
    </ClInclude>
    <ClInclude Include="AdunGL-Core\graphics\buffers\buffer.h">
      <Filter>헤더 파일</Filter>
    </ClInclude>
    <ClInclude Include="AdunGL-Core\graphics\buffers\indexBuffer.h">
      <Filter>헤더 파일</Filter>
    </ClInclude>
    <ClInclude Include="AdunGL-Core\graphics\buffers\vertexArray.h">
      <Filter>헤더 파일</Filter>
    </ClInclude>
    <ClInclude Include="AdunGL-Core\graphics\shaders\shader.h">
      <Filter>헤더 파일</Filter>
    </ClInclude>
    <ClInclude Include="AdunGL-Core\graphics\shaders\shader_factory.h">
      <Filter>헤더 파일</Filter>
    </ClInclude>
    <ClInclude Include="AdunGL-Core\graphics\bases\renderer2d.h">
      <Filter>헤더 파일</Filter>
    </ClInclude>
    <ClInclude Include="AdunGL-Core\graphics\mask.h">
      <Filter>헤더 파일</Filter>
    </ClInclude>
    <ClInclude Include="AdunGL-Core\graphics\renderers\batchrenderer2d.h">
      <Filter>헤더 파일</Filter>
    </ClInclude>
    <ClInclude Include="AdunGL-Core\graphics\sprite.h">
      <Filter>헤더 파일</Filter>
    </ClInclude>
    <ClInclude Include="AdunGL-Core\graphics\label.h">
      <Filter>헤더 파일</Filter>
    </ClInclude>
    <ClInclude Include="AdunGL-Core\graphics\layers\layer.h">
      <Filter>헤더 파일</Filter>
    </ClInclude>
    <ClInclude Include="AdunGL-Core\graphics\layers\group.h">
      <Filter>헤더 파일</Filter>
    </ClInclude>
    <ClInclude Include="AdunGL-Core\Adun.h">
      <Filter>헤더 파일</Filter>
    </ClInclude>
    <ClInclude Include="AdunGL-Core\graphics\mesh_factory.h">
      <Filter>헤더 파일</Filter>
    </ClInclude>
    <ClInclude Include="AdunGL-Core\graphics\buffers\frameBuffer.h">
      <Filter>헤더 파일</Filter>
    </ClInclude>
  </ItemGroup>
  <ItemGroup>
    <Font Include="AdunGL-Core\assets\arial.ttf" />
  </ItemGroup>
  <ItemGroup>
    <Image Include="Asset\Images\slime.png">
      <Filter>리소스 파일</Filter>
    </Image>
    <Image Include="Asset\Images\mask.png">
      <Filter>리소스 파일</Filter>
    </Image>
  </ItemGroup>
</Project>